
Microsoft Visual Studio Solution File, Format Version 12.00
# Visual Studio Version 17
VisualStudioVersion = 17.0.31512.422
MinimumVisualStudioVersion = 10.0.40219.1
Project("{2150E333-8FDC-42A3-9474-1A3956D46DE8}") = "src", "src", "{EBB5EC86-6827-4971-8393-B4F0D35F07EA}"
EndProject
Project("{9A19103F-16F7-4668-BE54-9A1E7A4F7556}") = "Blazor.Server.LifeTime", "src\Blazor.Server.LifeTime\Blazor.Server.LifeTime.csproj", "{14B4F802-1E9F-478F-BA44-439B09D40039}"
EndProject
Project("{9A19103F-16F7-4668-BE54-9A1E7A4F7556}") = "Blazor.Wasm.LifeTime", "src\Blazor.Wasm.LifeTime\Blazor.Wasm.LifeTime.csproj", "{9ACE3C52-55E7-4D24-B3B7-A20E89591F55}"
EndProject
Project("{9A19103F-16F7-4668-BE54-9A1E7A4F7556}") = "Blazor.LifeTime.Shared", "src\Blazor.LifeTime.Shared\Blazor.LifeTime.Shared.csproj", "{FC3473DB-3DDB-474A-B372-244A9ABC6E6F}"
EndProject
Global
	GlobalSection(SolutionConfigurationPlatforms) = preSolution
		Debug|Any CPU = Debug|Any CPU
		Debug|x64 = Debug|x64
		Debug|x86 = Debug|x86
		Release|Any CPU = Release|Any CPU
		Release|x64 = Release|x64
		Release|x86 = Release|x86
	EndGlobalSection
	GlobalSection(ProjectConfigurationPlatforms) = postSolution
		{14B4F802-1E9F-478F-BA44-439B09D40039}.Debug|Any CPU.ActiveCfg = Debug|Any CPU
		{14B4F802-1E9F-478F-BA44-439B09D40039}.Debug|Any CPU.Build.0 = Debug|Any CPU
		{14B4F802-1E9F-478F-BA44-439B09D40039}.Debug|x64.ActiveCfg = Debug|Any CPU
		{14B4F802-1E9F-478F-BA44-439B09D40039}.Debug|x64.Build.0 = Debug|Any CPU
		{14B4F802-1E9F-478F-BA44-439B09D40039}.Debug|x86.ActiveCfg = Debug|Any CPU
		{14B4F802-1E9F-478F-BA44-439B09D40039}.Debug|x86.Build.0 = Debug|Any CPU
		{14B4F802-1E9F-478F-BA44-439B09D40039}.Release|Any CPU.ActiveCfg = Release|Any CPU
		{14B4F802-1E9F-478F-BA44-439B09D40039}.Release|Any CPU.Build.0 = Release|Any CPU
		{14B4F802-1E9F-478F-BA44-439B09D40039}.Release|x64.ActiveCfg = Release|Any CPU
		{14B4F802-1E9F-478F-BA44-439B09D40039}.Release|x64.Build.0 = Release|Any CPU
		{14B4F802-1E9F-478F-BA44-439B09D40039}.Release|x86.ActiveCfg = Release|Any CPU
		{14B4F802-1E9F-478F-BA44-439B09D40039}.Release|x86.Build.0 = Release|Any CPU
		{9ACE3C52-55E7-4D24-B3B7-A20E89591F55}.Debug|Any CPU.ActiveCfg = Debug|Any CPU
		{9ACE3C52-55E7-4D24-B3B7-A20E89591F55}.Debug|Any CPU.Build.0 = Debug|Any CPU
		{9ACE3C52-55E7-4D24-B3B7-A20E89591F55}.Debug|x64.ActiveCfg = Debug|Any CPU
		{9ACE3C52-55E7-4D24-B3B7-A20E89591F55}.Debug|x64.Build.0 = Debug|Any CPU
		{9ACE3C52-55E7-4D24-B3B7-A20E89591F55}.Debug|x86.ActiveCfg = Debug|Any CPU
		{9ACE3C52-55E7-4D24-B3B7-A20E89591F55}.Debug|x86.Build.0 = Debug|Any CPU
		{9ACE3C52-55E7-4D24-B3B7-A20E89591F55}.Release|Any CPU.ActiveCfg = Release|Any CPU
		{9ACE3C52-55E7-4D24-B3B7-A20E89591F55}.Release|Any CPU.Build.0 = Release|Any CPU
		{9ACE3C52-55E7-4D24-B3B7-A20E89591F55}.Release|x64.ActiveCfg = Release|Any CPU
		{9ACE3C52-55E7-4D24-B3B7-A20E89591F55}.Release|x64.Build.0 = Release|Any CPU
		{9ACE3C52-55E7-4D24-B3B7-A20E89591F55}.Release|x86.ActiveCfg = Release|Any CPU
		{9ACE3C52-55E7-4D24-B3B7-A20E89591F55}.Release|x86.Build.0 = Release|Any CPU
		{FC3473DB-3DDB-474A-B372-244A9ABC6E6F}.Debug|Any CPU.ActiveCfg = Debug|Any CPU
		{FC3473DB-3DDB-474A-B372-244A9ABC6E6F}.Debug|Any CPU.Build.0 = Debug|Any CPU
		{FC3473DB-3DDB-474A-B372-244A9ABC6E6F}.Debug|x64.ActiveCfg = Debug|Any CPU
		{FC3473DB-3DDB-474A-B372-244A9ABC6E6F}.Debug|x64.Build.0 = Debug|Any CPU
		{FC3473DB-3DDB-474A-B372-244A9ABC6E6F}.Debug|x86.ActiveCfg = Debug|Any CPU
		{FC3473DB-3DDB-474A-B372-244A9ABC6E6F}.Debug|x86.Build.0 = Debug|Any CPU
		{FC3473DB-3DDB-474A-B372-244A9ABC6E6F}.Release|Any CPU.ActiveCfg = Release|Any CPU
		{FC3473DB-3DDB-474A-B372-244A9ABC6E6F}.Release|Any CPU.Build.0 = Release|Any CPU
		{FC3473DB-3DDB-474A-B372-244A9ABC6E6F}.Release|x64.ActiveCfg = Release|Any CPU
		{FC3473DB-3DDB-474A-B372-244A9ABC6E6F}.Release|x64.Build.0 = Release|Any CPU
		{FC3473DB-3DDB-474A-B372-244A9ABC6E6F}.Release|x86.ActiveCfg = Release|Any CPU
		{FC3473DB-3DDB-474A-B372-244A9ABC6E6F}.Release|x86.Build.0 = Release|Any CPU
	EndGlobalSection
	GlobalSection(SolutionProperties) = preSolution
		HideSolutionNode = FALSE
	EndGlobalSection
	GlobalSection(NestedProjects) = preSolution
		{14B4F802-1E9F-478F-BA44-439B09D40039} = {EBB5EC86-6827-4971-8393-B4F0D35F07EA}
		{9ACE3C52-55E7-4D24-B3B7-A20E89591F55} = {EBB5EC86-6827-4971-8393-B4F0D35F07EA}
		{FC3473DB-3DDB-474A-B372-244A9ABC6E6F} = {EBB5EC86-6827-4971-8393-B4F0D35F07EA}
	EndGlobalSection
	GlobalSection(ExtensibilityGlobals) = postSolution
		SolutionGuid = {8BDA61CE-BC2F-4167-BA94-8972046A0810}
	EndGlobalSection
EndGlobal
