
Microsoft Visual Studio Solution File, Format Version 12.00
# Visual Studio Version 17
VisualStudioVersion = 17.0.31512.422
MinimumVisualStudioVersion = 10.0.40219.1
Project("{9A19103F-16F7-4668-BE54-9A1E7A4F7556}") = "I10nBlazorServer", "I10nBlazorServer\I10nBlazorServer.csproj", "{C9EA7D1B-2B1E-47D0-A3E5-9D32E840DEF1}"
EndProject
Global
	GlobalSection(SolutionConfigurationPlatforms) = preSolution
		Debug|Any CPU = Debug|Any CPU
		Release|Any CPU = Release|Any CPU
	EndGlobalSection
	GlobalSection(ProjectConfigurationPlatforms) = postSolution
		{C9EA7D1B-2B1E-47D0-A3E5-9D32E840DEF1}.Debug|Any CPU.ActiveCfg = Debug|Any CPU
		{C9EA7D1B-2B1E-47D0-A3E5-9D32E840DEF1}.Debug|Any CPU.Build.0 = Debug|Any CPU
		{C9EA7D1B-2B1E-47D0-A3E5-9D32E840DEF1}.Release|Any CPU.ActiveCfg = Release|Any CPU
		{C9EA7D1B-2B1E-47D0-A3E5-9D32E840DEF1}.Release|Any CPU.Build.0 = Release|Any CPU
	EndGlobalSection
	GlobalSection(SolutionProperties) = preSolution
		HideSolutionNode = FALSE
	EndGlobalSection
	GlobalSection(ExtensibilityGlobals) = postSolution
		SolutionGuid = {CDCD5D64-E899-4C3A-A9A5-AB8810F90219}
	EndGlobalSection
EndGlobal
