
Microsoft Visual Studio Solution File, Format Version 12.00
# Visual Studio Version 17
VisualStudioVersion = 17.0.32002.185
MinimumVisualStudioVersion = 10.0.40219.1
Project("{FAE04EC0-301F-11D3-BF4B-00C04F79EFBC}") = "Blazor.Communication.Server", "Blazor.Communication\Server\Blazor.Communication.Server.csproj", "{03529A0D-4EC6-4254-A6F1-0BB81D91448B}"
EndProject
Project("{FAE04EC0-301F-11D3-BF4B-00C04F79EFBC}") = "Blazor.Communication.Client", "Blazor.Communication\Client\Blazor.Communication.Client.csproj", "{2ADD5D26-1C94-4A7F-BCDA-293C86CD4E13}"
EndProject
Project("{FAE04EC0-301F-11D3-BF4B-00C04F79EFBC}") = "Blazor.Communication.Shared", "Blazor.Communication\Shared\Blazor.Communication.Shared.csproj", "{46A82D05-E1F5-42BC-A60D-D40C0C838493}"
EndProject
Global
	GlobalSection(SolutionConfigurationPlatforms) = preSolution
		Debug|Any CPU = Debug|Any CPU
		Release|Any CPU = Release|Any CPU
	EndGlobalSection
	GlobalSection(ProjectConfigurationPlatforms) = postSolution
		{03529A0D-4EC6-4254-A6F1-0BB81D91448B}.Debug|Any CPU.ActiveCfg = Debug|Any CPU
		{03529A0D-4EC6-4254-A6F1-0BB81D91448B}.Debug|Any CPU.Build.0 = Debug|Any CPU
		{03529A0D-4EC6-4254-A6F1-0BB81D91448B}.Release|Any CPU.ActiveCfg = Release|Any CPU
		{03529A0D-4EC6-4254-A6F1-0BB81D91448B}.Release|Any CPU.Build.0 = Release|Any CPU
		{2ADD5D26-1C94-4A7F-BCDA-293C86CD4E13}.Debug|Any CPU.ActiveCfg = Debug|Any CPU
		{2ADD5D26-1C94-4A7F-BCDA-293C86CD4E13}.Debug|Any CPU.Build.0 = Debug|Any CPU
		{2ADD5D26-1C94-4A7F-BCDA-293C86CD4E13}.Release|Any CPU.ActiveCfg = Release|Any CPU
		{2ADD5D26-1C94-4A7F-BCDA-293C86CD4E13}.Release|Any CPU.Build.0 = Release|Any CPU
		{46A82D05-E1F5-42BC-A60D-D40C0C838493}.Debug|Any CPU.ActiveCfg = Debug|Any CPU
		{46A82D05-E1F5-42BC-A60D-D40C0C838493}.Debug|Any CPU.Build.0 = Debug|Any CPU
		{46A82D05-E1F5-42BC-A60D-D40C0C838493}.Release|Any CPU.ActiveCfg = Release|Any CPU
		{46A82D05-E1F5-42BC-A60D-D40C0C838493}.Release|Any CPU.Build.0 = Release|Any CPU
	EndGlobalSection
	GlobalSection(SolutionProperties) = preSolution
		HideSolutionNode = FALSE
	EndGlobalSection
	GlobalSection(ExtensibilityGlobals) = postSolution
		SolutionGuid = {1AEA7AE3-B484-45DD-8EEE-C80506342712}
	EndGlobalSection
EndGlobal
