
Microsoft Visual Studio Solution File, Format Version 12.00
# Visual Studio Version 17
VisualStudioVersion = 17.0.31912.275
MinimumVisualStudioVersion = 10.0.40219.1
Project("{FAE04EC0-301F-11D3-BF4B-00C04F79EFBC}") = "MyFirstBlazor.Server", "MyFirstBlazor\Server\MyFirstBlazor.Server.csproj", "{1ED24405-64D4-444B-8973-0D312A7863CF}"
EndProject
Project("{FAE04EC0-301F-11D3-BF4B-00C04F79EFBC}") = "MyFirstBlazor.Client", "MyFirstBlazor\Client\MyFirstBlazor.Client.csproj", "{71098EDB-2050-4BEE-AA14-EF371795D43D}"
EndProject
Project("{FAE04EC0-301F-11D3-BF4B-00C04F79EFBC}") = "MyFirstBlazor.Shared", "MyFirstBlazor\Shared\MyFirstBlazor.Shared.csproj", "{3E2336A3-B017-4A7D-9031-513D8969AC79}"
EndProject
Project("{2150E333-8FDC-42A3-9474-1A3956D46DE8}") = "Solution Items", "Solution Items", "{3C4AE060-7C7A-4C15-A8E4-AE8EA12B8D80}"
	ProjectSection(SolutionItems) = preProject
		Remarks.md = Remarks.md
	EndProjectSection
EndProject
Global
	GlobalSection(SolutionConfigurationPlatforms) = preSolution
		Debug|Any CPU = Debug|Any CPU
		Release|Any CPU = Release|Any CPU
	EndGlobalSection
	GlobalSection(ProjectConfigurationPlatforms) = postSolution
		{1ED24405-64D4-444B-8973-0D312A7863CF}.Debug|Any CPU.ActiveCfg = Debug|Any CPU
		{1ED24405-64D4-444B-8973-0D312A7863CF}.Debug|Any CPU.Build.0 = Debug|Any CPU
		{1ED24405-64D4-444B-8973-0D312A7863CF}.Release|Any CPU.ActiveCfg = Release|Any CPU
		{1ED24405-64D4-444B-8973-0D312A7863CF}.Release|Any CPU.Build.0 = Release|Any CPU
		{71098EDB-2050-4BEE-AA14-EF371795D43D}.Debug|Any CPU.ActiveCfg = Debug|Any CPU
		{71098EDB-2050-4BEE-AA14-EF371795D43D}.Debug|Any CPU.Build.0 = Debug|Any CPU
		{71098EDB-2050-4BEE-AA14-EF371795D43D}.Release|Any CPU.ActiveCfg = Release|Any CPU
		{71098EDB-2050-4BEE-AA14-EF371795D43D}.Release|Any CPU.Build.0 = Release|Any CPU
		{3E2336A3-B017-4A7D-9031-513D8969AC79}.Debug|Any CPU.ActiveCfg = Debug|Any CPU
		{3E2336A3-B017-4A7D-9031-513D8969AC79}.Debug|Any CPU.Build.0 = Debug|Any CPU
		{3E2336A3-B017-4A7D-9031-513D8969AC79}.Release|Any CPU.ActiveCfg = Release|Any CPU
		{3E2336A3-B017-4A7D-9031-513D8969AC79}.Release|Any CPU.Build.0 = Release|Any CPU
	EndGlobalSection
	GlobalSection(SolutionProperties) = preSolution
		HideSolutionNode = FALSE
	EndGlobalSection
	GlobalSection(ExtensibilityGlobals) = postSolution
		SolutionGuid = {5BE2001F-91DC-4468-96BD-C1C423A5D61C}
	EndGlobalSection
EndGlobal
