
Microsoft Visual Studio Solution File, Format Version 12.00
# Visual Studio Version 17
VisualStudioVersion = 17.0.32014.148
MinimumVisualStudioVersion = 10.0.40219.1
Project("{FAE04EC0-301F-11D3-BF4B-00C04F79EFBC}") = "JSInterop", "JSInterop\JSInterop.csproj", "{353EC757-1332-4C62-B4A0-AECB8CA1C2E9}"
EndProject
Global
	GlobalSection(SolutionConfigurationPlatforms) = preSolution
		Debug|Any CPU = Debug|Any CPU
		Release|Any CPU = Release|Any CPU
	EndGlobalSection
	GlobalSection(ProjectConfigurationPlatforms) = postSolution
		{353EC757-1332-4C62-B4A0-AECB8CA1C2E9}.Debug|Any CPU.ActiveCfg = Debug|Any CPU
		{353EC757-1332-4C62-B4A0-AECB8CA1C2E9}.Debug|Any CPU.Build.0 = Debug|Any CPU
		{353EC757-1332-4C62-B4A0-AECB8CA1C2E9}.Release|Any CPU.ActiveCfg = Release|Any CPU
		{353EC757-1332-4C62-B4A0-AECB8CA1C2E9}.Release|Any CPU.Build.0 = Release|Any CPU
	EndGlobalSection
	GlobalSection(SolutionProperties) = preSolution
		HideSolutionNode = FALSE
	EndGlobalSection
	GlobalSection(ExtensibilityGlobals) = postSolution
		SolutionGuid = {DF1E0BAE-DEA8-4439-ABB1-31AB5AFD6E53}
	EndGlobalSection
EndGlobal
