
Microsoft Visual Studio Solution File, Format Version 12.00
# Visual Studio Version 17
VisualStudioVersion = 17.0.31612.314
MinimumVisualStudioVersion = 10.0.40219.1
Project("{FAE04EC0-301F-11D3-BF4B-00C04F79EFBC}") = "HostedApp.Client", "HostedApp\Client\HostedApp.Client.csproj", "{7DC54906-CFCA-4450-9E28-876D92DF89C5}"
EndProject
Project("{FAE04EC0-301F-11D3-BF4B-00C04F79EFBC}") = "HostedApp.Server", "HostedApp\Server\HostedApp.Server.csproj", "{E0380EB3-F505-4ABC-A4A0-5BEB765F567A}"
EndProject
Project("{FAE04EC0-301F-11D3-BF4B-00C04F79EFBC}") = "HostedApp.Shared", "HostedApp\Shared\HostedApp.Shared.csproj", "{7E0E69D4-528E-4AF1-83A7-702AE1A4B92E}"
EndProject
Global
	GlobalSection(SolutionConfigurationPlatforms) = preSolution
		Debug|Any CPU = Debug|Any CPU
		Release|Any CPU = Release|Any CPU
	EndGlobalSection
	GlobalSection(ProjectConfigurationPlatforms) = postSolution
		{7DC54906-CFCA-4450-9E28-876D92DF89C5}.Debug|Any CPU.ActiveCfg = Debug|Any CPU
		{7DC54906-CFCA-4450-9E28-876D92DF89C5}.Debug|Any CPU.Build.0 = Debug|Any CPU
		{7DC54906-CFCA-4450-9E28-876D92DF89C5}.Release|Any CPU.ActiveCfg = Release|Any CPU
		{7DC54906-CFCA-4450-9E28-876D92DF89C5}.Release|Any CPU.Build.0 = Release|Any CPU
		{E0380EB3-F505-4ABC-A4A0-5BEB765F567A}.Debug|Any CPU.ActiveCfg = Debug|Any CPU
		{E0380EB3-F505-4ABC-A4A0-5BEB765F567A}.Debug|Any CPU.Build.0 = Debug|Any CPU
		{E0380EB3-F505-4ABC-A4A0-5BEB765F567A}.Release|Any CPU.ActiveCfg = Release|Any CPU
		{E0380EB3-F505-4ABC-A4A0-5BEB765F567A}.Release|Any CPU.Build.0 = Release|Any CPU
		{7E0E69D4-528E-4AF1-83A7-702AE1A4B92E}.Debug|Any CPU.ActiveCfg = Debug|Any CPU
		{7E0E69D4-528E-4AF1-83A7-702AE1A4B92E}.Debug|Any CPU.Build.0 = Debug|Any CPU
		{7E0E69D4-528E-4AF1-83A7-702AE1A4B92E}.Release|Any CPU.ActiveCfg = Release|Any CPU
		{7E0E69D4-528E-4AF1-83A7-702AE1A4B92E}.Release|Any CPU.Build.0 = Release|Any CPU
	EndGlobalSection
	GlobalSection(SolutionProperties) = preSolution
		HideSolutionNode = FALSE
	EndGlobalSection
	GlobalSection(ExtensibilityGlobals) = postSolution
		SolutionGuid = {9345605D-531B-4169-9728-97CFBEEAC16C}
	EndGlobalSection
EndGlobal
