
Microsoft Visual Studio Solution File, Format Version 12.00
# Visual Studio Version 17
VisualStudioVersion = 17.0.31912.275
MinimumVisualStudioVersion = 10.0.40219.1
Project("{9A19103F-16F7-4668-BE54-9A1E7A4F7556}") = "PizzaPlace.Server", "PizzaPlace\Server\PizzaPlace.Server.csproj", "{1A771624-65BA-4A3C-916C-29BEE822D3C1}"
EndProject
Project("{9A19103F-16F7-4668-BE54-9A1E7A4F7556}") = "PizzaPlace.Client", "PizzaPlace\Client\PizzaPlace.Client.csproj", "{DB3051A0-233F-4643-890D-571415150BD0}"
EndProject
Project("{9A19103F-16F7-4668-BE54-9A1E7A4F7556}") = "PizzaPlace.Shared", "PizzaPlace\Shared\PizzaPlace.Shared.csproj", "{B7F6234B-47D0-40D5-B801-33D4B3F0DB73}"
EndProject
Project("{2150E333-8FDC-42A3-9474-1A3956D46DE8}") = "Solution Items", "Solution Items", "{015E19A0-65CE-49BB-AF35-A6D14D0ACA26}"
	ProjectSection(SolutionItems) = preProject
		Remarks.md = Remarks.md
	EndProjectSection
EndProject
Project("{FAE04EC0-301F-11D3-BF4B-00C04F79EFBC}") = "Leaflet.Map", "LeafLet.Map\Leaflet.Map.csproj", "{AB5443EE-7FD3-424D-BE61-B524A3DA7BA1}"
EndProject
Global
	GlobalSection(SolutionConfigurationPlatforms) = preSolution
		Debug|Any CPU = Debug|Any CPU
		Release|Any CPU = Release|Any CPU
	EndGlobalSection
	GlobalSection(ProjectConfigurationPlatforms) = postSolution
		{1A771624-65BA-4A3C-916C-29BEE822D3C1}.Debug|Any CPU.ActiveCfg = Debug|Any CPU
		{1A771624-65BA-4A3C-916C-29BEE822D3C1}.Debug|Any CPU.Build.0 = Debug|Any CPU
		{1A771624-65BA-4A3C-916C-29BEE822D3C1}.Release|Any CPU.ActiveCfg = Release|Any CPU
		{1A771624-65BA-4A3C-916C-29BEE822D3C1}.Release|Any CPU.Build.0 = Release|Any CPU
		{DB3051A0-233F-4643-890D-571415150BD0}.Debug|Any CPU.ActiveCfg = Debug|Any CPU
		{DB3051A0-233F-4643-890D-571415150BD0}.Debug|Any CPU.Build.0 = Debug|Any CPU
		{DB3051A0-233F-4643-890D-571415150BD0}.Release|Any CPU.ActiveCfg = Release|Any CPU
		{DB3051A0-233F-4643-890D-571415150BD0}.Release|Any CPU.Build.0 = Release|Any CPU
		{B7F6234B-47D0-40D5-B801-33D4B3F0DB73}.Debug|Any CPU.ActiveCfg = Debug|Any CPU
		{B7F6234B-47D0-40D5-B801-33D4B3F0DB73}.Debug|Any CPU.Build.0 = Debug|Any CPU
		{B7F6234B-47D0-40D5-B801-33D4B3F0DB73}.Release|Any CPU.ActiveCfg = Release|Any CPU
		{B7F6234B-47D0-40D5-B801-33D4B3F0DB73}.Release|Any CPU.Build.0 = Release|Any CPU
		{AB5443EE-7FD3-424D-BE61-B524A3DA7BA1}.Debug|Any CPU.ActiveCfg = Debug|Any CPU
		{AB5443EE-7FD3-424D-BE61-B524A3DA7BA1}.Debug|Any CPU.Build.0 = Debug|Any CPU
		{AB5443EE-7FD3-424D-BE61-B524A3DA7BA1}.Release|Any CPU.ActiveCfg = Release|Any CPU
		{AB5443EE-7FD3-424D-BE61-B524A3DA7BA1}.Release|Any CPU.Build.0 = Release|Any CPU
	EndGlobalSection
	GlobalSection(SolutionProperties) = preSolution
		HideSolutionNode = FALSE
	EndGlobalSection
	GlobalSection(ExtensibilityGlobals) = postSolution
		SolutionGuid = {D10175E3-4B3E-4BCF-A0A5-BA7FB480CE0E}
	EndGlobalSection
EndGlobal
