
Microsoft Visual Studio Solution File, Format Version 12.00
# Visual Studio Version 16
VisualStudioVersion = 16.0.31320.298
MinimumVisualStudioVersion = 10.0.40219.1
Project("{2150E333-8FDC-42A3-9474-1A3956D46DE8}") = "src", "src", "{402B588B-97EF-4365-A584-AB1415BDB8E0}"
EndProject
Project("{9A19103F-16F7-4668-BE54-9A1E7A4F7556}") = "JSInterop", "src\JSInterop\JSInterop.csproj", "{ADDD2B80-F2E9-47F5-A394-1D62C528BF13}"
EndProject
Global
	GlobalSection(SolutionConfigurationPlatforms) = preSolution
		Debug|Any CPU = Debug|Any CPU
		Release|Any CPU = Release|Any CPU
	EndGlobalSection
	GlobalSection(ProjectConfigurationPlatforms) = postSolution
		{ADDD2B80-F2E9-47F5-A394-1D62C528BF13}.Debug|Any CPU.ActiveCfg = Debug|Any CPU
		{ADDD2B80-F2E9-47F5-A394-1D62C528BF13}.Debug|Any CPU.Build.0 = Debug|Any CPU
		{ADDD2B80-F2E9-47F5-A394-1D62C528BF13}.Release|Any CPU.ActiveCfg = Release|Any CPU
		{ADDD2B80-F2E9-47F5-A394-1D62C528BF13}.Release|Any CPU.Build.0 = Release|Any CPU
	EndGlobalSection
	GlobalSection(SolutionProperties) = preSolution
		HideSolutionNode = FALSE
	EndGlobalSection
	GlobalSection(NestedProjects) = preSolution
		{ADDD2B80-F2E9-47F5-A394-1D62C528BF13} = {402B588B-97EF-4365-A584-AB1415BDB8E0}
	EndGlobalSection
	GlobalSection(ExtensibilityGlobals) = postSolution
		SolutionGuid = {BA92906E-2AA1-4122-88C7-B4D28D4E2491}
	EndGlobalSection
EndGlobal
