
Microsoft Visual Studio Solution File, Format Version 12.00
# Visual Studio Version 17
VisualStudioVersion = 17.0.31410.414
MinimumVisualStudioVersion = 10.0.40219.1
Project("{FAE04EC0-301F-11D3-BF4B-00C04F79EFBC}") = "UsingRedux.Server", "UsingRedux\Server\UsingRedux.Server.csproj", "{6378720E-1B07-4CD9-B8B9-7D1D145F35E8}"
EndProject
Project("{FAE04EC0-301F-11D3-BF4B-00C04F79EFBC}") = "UsingRedux.Client", "UsingRedux\Client\UsingRedux.Client.csproj", "{E7A76D68-45E8-4592-8B1A-0B19892557F1}"
EndProject
Project("{FAE04EC0-301F-11D3-BF4B-00C04F79EFBC}") = "UsingRedux.Shared", "UsingRedux\Shared\UsingRedux.Shared.csproj", "{97F96190-ECBB-48E1-80B6-E18BDFD3B7E1}"
EndProject
Global
	GlobalSection(SolutionConfigurationPlatforms) = preSolution
		Debug|Any CPU = Debug|Any CPU
		Release|Any CPU = Release|Any CPU
	EndGlobalSection
	GlobalSection(ProjectConfigurationPlatforms) = postSolution
		{6378720E-1B07-4CD9-B8B9-7D1D145F35E8}.Debug|Any CPU.ActiveCfg = Debug|Any CPU
		{6378720E-1B07-4CD9-B8B9-7D1D145F35E8}.Debug|Any CPU.Build.0 = Debug|Any CPU
		{6378720E-1B07-4CD9-B8B9-7D1D145F35E8}.Release|Any CPU.ActiveCfg = Release|Any CPU
		{6378720E-1B07-4CD9-B8B9-7D1D145F35E8}.Release|Any CPU.Build.0 = Release|Any CPU
		{E7A76D68-45E8-4592-8B1A-0B19892557F1}.Debug|Any CPU.ActiveCfg = Debug|Any CPU
		{E7A76D68-45E8-4592-8B1A-0B19892557F1}.Debug|Any CPU.Build.0 = Debug|Any CPU
		{E7A76D68-45E8-4592-8B1A-0B19892557F1}.Release|Any CPU.ActiveCfg = Release|Any CPU
		{E7A76D68-45E8-4592-8B1A-0B19892557F1}.Release|Any CPU.Build.0 = Release|Any CPU
		{97F96190-ECBB-48E1-80B6-E18BDFD3B7E1}.Debug|Any CPU.ActiveCfg = Debug|Any CPU
		{97F96190-ECBB-48E1-80B6-E18BDFD3B7E1}.Debug|Any CPU.Build.0 = Debug|Any CPU
		{97F96190-ECBB-48E1-80B6-E18BDFD3B7E1}.Release|Any CPU.ActiveCfg = Release|Any CPU
		{97F96190-ECBB-48E1-80B6-E18BDFD3B7E1}.Release|Any CPU.Build.0 = Release|Any CPU
	EndGlobalSection
	GlobalSection(SolutionProperties) = preSolution
		HideSolutionNode = FALSE
	EndGlobalSection
	GlobalSection(ExtensibilityGlobals) = postSolution
		SolutionGuid = {B13C573E-E865-4390-8EEC-51EFC977533E}
	EndGlobalSection
EndGlobal
