
Microsoft Visual Studio Solution File, Format Version 12.00
# Visual Studio Version 17
VisualStudioVersion = 17.0.31912.275
MinimumVisualStudioVersion = 10.0.40219.1
Project("{FAE04EC0-301F-11D3-BF4B-00C04F79EFBC}") = "MyFirstBlazor.Server", "MyFirstBlazor\Server\MyFirstBlazor.Server.csproj", "{A61F18CC-686B-4B83-9577-82D5A24D1E09}"
EndProject
Project("{FAE04EC0-301F-11D3-BF4B-00C04F79EFBC}") = "MyFirstBlazor.Client", "MyFirstBlazor\Client\MyFirstBlazor.Client.csproj", "{198975CC-51FD-402B-8CCC-ABFB85401191}"
EndProject
Project("{FAE04EC0-301F-11D3-BF4B-00C04F79EFBC}") = "MyFirstBlazor.Shared", "MyFirstBlazor\Shared\MyFirstBlazor.Shared.csproj", "{61C1793A-3AC7-43C0-8933-F785319305B6}"
EndProject
Project("{2150E333-8FDC-42A3-9474-1A3956D46DE8}") = "Solution Items", "Solution Items", "{D01EFFCF-92B8-4A5F-8AD0-E298032E0347}"
	ProjectSection(SolutionItems) = preProject
		Remarks.md = Remarks.md
	EndProjectSection
EndProject
Global
	GlobalSection(SolutionConfigurationPlatforms) = preSolution
		Debug|Any CPU = Debug|Any CPU
		Release|Any CPU = Release|Any CPU
	EndGlobalSection
	GlobalSection(ProjectConfigurationPlatforms) = postSolution
		{A61F18CC-686B-4B83-9577-82D5A24D1E09}.Debug|Any CPU.ActiveCfg = Debug|Any CPU
		{A61F18CC-686B-4B83-9577-82D5A24D1E09}.Debug|Any CPU.Build.0 = Debug|Any CPU
		{A61F18CC-686B-4B83-9577-82D5A24D1E09}.Release|Any CPU.ActiveCfg = Release|Any CPU
		{A61F18CC-686B-4B83-9577-82D5A24D1E09}.Release|Any CPU.Build.0 = Release|Any CPU
		{198975CC-51FD-402B-8CCC-ABFB85401191}.Debug|Any CPU.ActiveCfg = Debug|Any CPU
		{198975CC-51FD-402B-8CCC-ABFB85401191}.Debug|Any CPU.Build.0 = Debug|Any CPU
		{198975CC-51FD-402B-8CCC-ABFB85401191}.Release|Any CPU.ActiveCfg = Release|Any CPU
		{198975CC-51FD-402B-8CCC-ABFB85401191}.Release|Any CPU.Build.0 = Release|Any CPU
		{61C1793A-3AC7-43C0-8933-F785319305B6}.Debug|Any CPU.ActiveCfg = Debug|Any CPU
		{61C1793A-3AC7-43C0-8933-F785319305B6}.Debug|Any CPU.Build.0 = Debug|Any CPU
		{61C1793A-3AC7-43C0-8933-F785319305B6}.Release|Any CPU.ActiveCfg = Release|Any CPU
		{61C1793A-3AC7-43C0-8933-F785319305B6}.Release|Any CPU.Build.0 = Release|Any CPU
	EndGlobalSection
	GlobalSection(SolutionProperties) = preSolution
		HideSolutionNode = FALSE
	EndGlobalSection
	GlobalSection(ExtensibilityGlobals) = postSolution
		SolutionGuid = {BC9CCE2C-E62D-44A3-968B-BFEBB1A05A45}
	EndGlobalSection
EndGlobal
