
Microsoft Visual Studio Solution File, Format Version 12.00
# Visual Studio Version 16
VisualStudioVersion = 16.6.30114.105
MinimumVisualStudioVersion = 10.0.40219.1
Project("{2150E333-8FDC-42A3-9474-1A3956D46DE8}") = "src", "src", "{DD5541F5-285E-487B-B413-1A97CB2CE5FD}"
EndProject
Project("{FAE04EC0-301F-11D3-BF4B-00C04F79EFBC}") = "Communication.Client", "src\Client\Communication.Client.csproj", "{55F2072E-17C3-4137-B58A-C012D11AA31E}"
EndProject
Project("{FAE04EC0-301F-11D3-BF4B-00C04F79EFBC}") = "Communication.Server", "src\Server\Communication.Server.csproj", "{91C6717F-EB1E-4534-AAC6-B85249A1D7F1}"
EndProject
Project("{FAE04EC0-301F-11D3-BF4B-00C04F79EFBC}") = "Communication.Shared", "src\Shared\Communication.Shared.csproj", "{0575AA2C-B355-42E4-9908-0AC3DF551939}"
EndProject
Global
	GlobalSection(SolutionConfigurationPlatforms) = preSolution
		Debug|Any CPU = Debug|Any CPU
		Debug|x64 = Debug|x64
		Debug|x86 = Debug|x86
		Release|Any CPU = Release|Any CPU
		Release|x64 = Release|x64
		Release|x86 = Release|x86
	EndGlobalSection
	GlobalSection(SolutionProperties) = preSolution
		HideSolutionNode = FALSE
	EndGlobalSection
	GlobalSection(ProjectConfigurationPlatforms) = postSolution
		{55F2072E-17C3-4137-B58A-C012D11AA31E}.Debug|Any CPU.ActiveCfg = Debug|Any CPU
		{55F2072E-17C3-4137-B58A-C012D11AA31E}.Debug|Any CPU.Build.0 = Debug|Any CPU
		{55F2072E-17C3-4137-B58A-C012D11AA31E}.Debug|x64.ActiveCfg = Debug|Any CPU
		{55F2072E-17C3-4137-B58A-C012D11AA31E}.Debug|x64.Build.0 = Debug|Any CPU
		{55F2072E-17C3-4137-B58A-C012D11AA31E}.Debug|x86.ActiveCfg = Debug|Any CPU
		{55F2072E-17C3-4137-B58A-C012D11AA31E}.Debug|x86.Build.0 = Debug|Any CPU
		{55F2072E-17C3-4137-B58A-C012D11AA31E}.Release|Any CPU.ActiveCfg = Release|Any CPU
		{55F2072E-17C3-4137-B58A-C012D11AA31E}.Release|Any CPU.Build.0 = Release|Any CPU
		{55F2072E-17C3-4137-B58A-C012D11AA31E}.Release|x64.ActiveCfg = Release|Any CPU
		{55F2072E-17C3-4137-B58A-C012D11AA31E}.Release|x64.Build.0 = Release|Any CPU
		{55F2072E-17C3-4137-B58A-C012D11AA31E}.Release|x86.ActiveCfg = Release|Any CPU
		{55F2072E-17C3-4137-B58A-C012D11AA31E}.Release|x86.Build.0 = Release|Any CPU
		{91C6717F-EB1E-4534-AAC6-B85249A1D7F1}.Debug|Any CPU.ActiveCfg = Debug|Any CPU
		{91C6717F-EB1E-4534-AAC6-B85249A1D7F1}.Debug|Any CPU.Build.0 = Debug|Any CPU
		{91C6717F-EB1E-4534-AAC6-B85249A1D7F1}.Debug|x64.ActiveCfg = Debug|Any CPU
		{91C6717F-EB1E-4534-AAC6-B85249A1D7F1}.Debug|x64.Build.0 = Debug|Any CPU
		{91C6717F-EB1E-4534-AAC6-B85249A1D7F1}.Debug|x86.ActiveCfg = Debug|Any CPU
		{91C6717F-EB1E-4534-AAC6-B85249A1D7F1}.Debug|x86.Build.0 = Debug|Any CPU
		{91C6717F-EB1E-4534-AAC6-B85249A1D7F1}.Release|Any CPU.ActiveCfg = Release|Any CPU
		{91C6717F-EB1E-4534-AAC6-B85249A1D7F1}.Release|Any CPU.Build.0 = Release|Any CPU
		{91C6717F-EB1E-4534-AAC6-B85249A1D7F1}.Release|x64.ActiveCfg = Release|Any CPU
		{91C6717F-EB1E-4534-AAC6-B85249A1D7F1}.Release|x64.Build.0 = Release|Any CPU
		{91C6717F-EB1E-4534-AAC6-B85249A1D7F1}.Release|x86.ActiveCfg = Release|Any CPU
		{91C6717F-EB1E-4534-AAC6-B85249A1D7F1}.Release|x86.Build.0 = Release|Any CPU
		{0575AA2C-B355-42E4-9908-0AC3DF551939}.Debug|Any CPU.ActiveCfg = Debug|Any CPU
		{0575AA2C-B355-42E4-9908-0AC3DF551939}.Debug|Any CPU.Build.0 = Debug|Any CPU
		{0575AA2C-B355-42E4-9908-0AC3DF551939}.Debug|x64.ActiveCfg = Debug|Any CPU
		{0575AA2C-B355-42E4-9908-0AC3DF551939}.Debug|x64.Build.0 = Debug|Any CPU
		{0575AA2C-B355-42E4-9908-0AC3DF551939}.Debug|x86.ActiveCfg = Debug|Any CPU
		{0575AA2C-B355-42E4-9908-0AC3DF551939}.Debug|x86.Build.0 = Debug|Any CPU
		{0575AA2C-B355-42E4-9908-0AC3DF551939}.Release|Any CPU.ActiveCfg = Release|Any CPU
		{0575AA2C-B355-42E4-9908-0AC3DF551939}.Release|Any CPU.Build.0 = Release|Any CPU
		{0575AA2C-B355-42E4-9908-0AC3DF551939}.Release|x64.ActiveCfg = Release|Any CPU
		{0575AA2C-B355-42E4-9908-0AC3DF551939}.Release|x64.Build.0 = Release|Any CPU
		{0575AA2C-B355-42E4-9908-0AC3DF551939}.Release|x86.ActiveCfg = Release|Any CPU
		{0575AA2C-B355-42E4-9908-0AC3DF551939}.Release|x86.Build.0 = Release|Any CPU
	EndGlobalSection
	GlobalSection(NestedProjects) = preSolution
		{55F2072E-17C3-4137-B58A-C012D11AA31E} = {DD5541F5-285E-487B-B413-1A97CB2CE5FD}
		{91C6717F-EB1E-4534-AAC6-B85249A1D7F1} = {DD5541F5-285E-487B-B413-1A97CB2CE5FD}
		{0575AA2C-B355-42E4-9908-0AC3DF551939} = {DD5541F5-285E-487B-B413-1A97CB2CE5FD}
	EndGlobalSection
EndGlobal
