
Microsoft Visual Studio Solution File, Format Version 12.00
# Visual Studio Version 17
VisualStudioVersion = 17.0.32014.148
MinimumVisualStudioVersion = 10.0.40219.1
Project("{9A19103F-16F7-4668-BE54-9A1E7A4F7556}") = "SinglePageApplications.Server", "SinglePageApplications\Server\SinglePageApplications.Server.csproj", "{E14495AC-ABDA-44F7-A36B-6D59E6C6E928}"
EndProject
Project("{9A19103F-16F7-4668-BE54-9A1E7A4F7556}") = "SinglePageApplications.Client", "SinglePageApplications\Client\SinglePageApplications.Client.csproj", "{54071448-ADDD-4CAC-BFCC-DA44B29AB243}"
EndProject
Project("{9A19103F-16F7-4668-BE54-9A1E7A4F7556}") = "SinglePageApplications.Shared", "SinglePageApplications\Shared\SinglePageApplications.Shared.csproj", "{2CC8ECCD-67F8-4D50-8DB5-357873DAD4C7}"
EndProject
Project("{2150E333-8FDC-42A3-9474-1A3956D46DE8}") = "Solution Items", "Solution Items", "{8DAC27D5-627D-4287-A34F-B81D8C819437}"
	ProjectSection(SolutionItems) = preProject
		Remarks.md = Remarks.md
	EndProjectSection
EndProject
Global
	GlobalSection(SolutionConfigurationPlatforms) = preSolution
		Debug|Any CPU = Debug|Any CPU
		Release|Any CPU = Release|Any CPU
	EndGlobalSection
	GlobalSection(ProjectConfigurationPlatforms) = postSolution
		{E14495AC-ABDA-44F7-A36B-6D59E6C6E928}.Debug|Any CPU.ActiveCfg = Debug|Any CPU
		{E14495AC-ABDA-44F7-A36B-6D59E6C6E928}.Debug|Any CPU.Build.0 = Debug|Any CPU
		{E14495AC-ABDA-44F7-A36B-6D59E6C6E928}.Release|Any CPU.ActiveCfg = Release|Any CPU
		{E14495AC-ABDA-44F7-A36B-6D59E6C6E928}.Release|Any CPU.Build.0 = Release|Any CPU
		{54071448-ADDD-4CAC-BFCC-DA44B29AB243}.Debug|Any CPU.ActiveCfg = Debug|Any CPU
		{54071448-ADDD-4CAC-BFCC-DA44B29AB243}.Debug|Any CPU.Build.0 = Debug|Any CPU
		{54071448-ADDD-4CAC-BFCC-DA44B29AB243}.Release|Any CPU.ActiveCfg = Release|Any CPU
		{54071448-ADDD-4CAC-BFCC-DA44B29AB243}.Release|Any CPU.Build.0 = Release|Any CPU
		{2CC8ECCD-67F8-4D50-8DB5-357873DAD4C7}.Debug|Any CPU.ActiveCfg = Debug|Any CPU
		{2CC8ECCD-67F8-4D50-8DB5-357873DAD4C7}.Debug|Any CPU.Build.0 = Debug|Any CPU
		{2CC8ECCD-67F8-4D50-8DB5-357873DAD4C7}.Release|Any CPU.ActiveCfg = Release|Any CPU
		{2CC8ECCD-67F8-4D50-8DB5-357873DAD4C7}.Release|Any CPU.Build.0 = Release|Any CPU
	EndGlobalSection
	GlobalSection(SolutionProperties) = preSolution
		HideSolutionNode = FALSE
	EndGlobalSection
	GlobalSection(ExtensibilityGlobals) = postSolution
		SolutionGuid = {AD03537C-6BB9-488B-9B80-03C6148C14E6}
	EndGlobalSection
EndGlobal
