
Microsoft Visual Studio Solution File, Format Version 12.00
# Visual Studio Version 17
VisualStudioVersion = 17.0.31512.422
MinimumVisualStudioVersion = 10.0.40219.1
Project("{2150E333-8FDC-42A3-9474-1A3956D46DE8}") = "src", "src", "{4310040A-FA21-4720-B306-A785A59055BA}"
EndProject
Project("{9A19103F-16F7-4668-BE54-9A1E7A4F7556}") = "IdentityProvider", "src\IdentityProvider\IdentityProvider.csproj", "{9048C69C-D73C-4AA6-BD7B-E06913BD2800}"
EndProject
Project("{9A19103F-16F7-4668-BE54-9A1E7A4F7556}") = "Blazor.Server.OpenIdConnect", "src\Blazor.Server.OpenIdConnect\Blazor.Server.OpenIdConnect.csproj", "{C7565709-6A81-4A37-9858-9B47C7D7A569}"
EndProject
Project("{9A19103F-16F7-4668-BE54-9A1E7A4F7556}") = "WeatherServices", "WeatherServices\WeatherServices.csproj", "{2DC17239-60EB-430B-8582-93D989153B40}"
EndProject
Project("{9A19103F-16F7-4668-BE54-9A1E7A4F7556}") = "Blazor.Shared.OpenIdConnect", "Blazor.Shared.OpenIdConnect\Blazor.Shared.OpenIdConnect.csproj", "{84765B6C-EA9F-458D-8C29-BC6BEDF214D4}"
EndProject
Global
	GlobalSection(SolutionConfigurationPlatforms) = preSolution
		Debug|Any CPU = Debug|Any CPU
		Release|Any CPU = Release|Any CPU
	EndGlobalSection
	GlobalSection(ProjectConfigurationPlatforms) = postSolution
		{9048C69C-D73C-4AA6-BD7B-E06913BD2800}.Debug|Any CPU.ActiveCfg = Debug|Any CPU
		{9048C69C-D73C-4AA6-BD7B-E06913BD2800}.Debug|Any CPU.Build.0 = Debug|Any CPU
		{9048C69C-D73C-4AA6-BD7B-E06913BD2800}.Release|Any CPU.ActiveCfg = Release|Any CPU
		{9048C69C-D73C-4AA6-BD7B-E06913BD2800}.Release|Any CPU.Build.0 = Release|Any CPU
		{C7565709-6A81-4A37-9858-9B47C7D7A569}.Debug|Any CPU.ActiveCfg = Debug|Any CPU
		{C7565709-6A81-4A37-9858-9B47C7D7A569}.Debug|Any CPU.Build.0 = Debug|Any CPU
		{C7565709-6A81-4A37-9858-9B47C7D7A569}.Release|Any CPU.ActiveCfg = Release|Any CPU
		{C7565709-6A81-4A37-9858-9B47C7D7A569}.Release|Any CPU.Build.0 = Release|Any CPU
		{2DC17239-60EB-430B-8582-93D989153B40}.Debug|Any CPU.ActiveCfg = Debug|Any CPU
		{2DC17239-60EB-430B-8582-93D989153B40}.Debug|Any CPU.Build.0 = Debug|Any CPU
		{2DC17239-60EB-430B-8582-93D989153B40}.Release|Any CPU.ActiveCfg = Release|Any CPU
		{2DC17239-60EB-430B-8582-93D989153B40}.Release|Any CPU.Build.0 = Release|Any CPU
		{84765B6C-EA9F-458D-8C29-BC6BEDF214D4}.Debug|Any CPU.ActiveCfg = Debug|Any CPU
		{84765B6C-EA9F-458D-8C29-BC6BEDF214D4}.Debug|Any CPU.Build.0 = Debug|Any CPU
		{84765B6C-EA9F-458D-8C29-BC6BEDF214D4}.Release|Any CPU.ActiveCfg = Release|Any CPU
		{84765B6C-EA9F-458D-8C29-BC6BEDF214D4}.Release|Any CPU.Build.0 = Release|Any CPU
	EndGlobalSection
	GlobalSection(SolutionProperties) = preSolution
		HideSolutionNode = FALSE
	EndGlobalSection
	GlobalSection(NestedProjects) = preSolution
		{9048C69C-D73C-4AA6-BD7B-E06913BD2800} = {4310040A-FA21-4720-B306-A785A59055BA}
		{C7565709-6A81-4A37-9858-9B47C7D7A569} = {4310040A-FA21-4720-B306-A785A59055BA}
		{2DC17239-60EB-430B-8582-93D989153B40} = {4310040A-FA21-4720-B306-A785A59055BA}
		{84765B6C-EA9F-458D-8C29-BC6BEDF214D4} = {4310040A-FA21-4720-B306-A785A59055BA}
	EndGlobalSection
	GlobalSection(ExtensibilityGlobals) = postSolution
		SolutionGuid = {586784E9-63F9-4160-8A9E-3E97C14BC4D9}
	EndGlobalSection
EndGlobal
