
Microsoft Visual Studio Solution File, Format Version 12.00
# Visual Studio Version 17
VisualStudioVersion = 17.0.32014.148
MinimumVisualStudioVersion = 10.0.40219.1
Project("{FAE04EC0-301F-11D3-BF4B-00C04F79EFBC}") = "LazyLoading.Server", "LazyLoading\Server\LazyLoading.Server.csproj", "{5C99E9B5-451F-40A4-972D-276DB985E12E}"
EndProject
Project("{FAE04EC0-301F-11D3-BF4B-00C04F79EFBC}") = "LazyLoading.Client", "LazyLoading\Client\LazyLoading.Client.csproj", "{89E40ADF-6B2F-4D56-A8DE-704D3EF3A18D}"
EndProject
Project("{FAE04EC0-301F-11D3-BF4B-00C04F79EFBC}") = "LazyLoading.Shared", "LazyLoading\Shared\LazyLoading.Shared.csproj", "{1CFF758F-5399-4C27-8C82-60616D53C3C0}"
EndProject
Global
	GlobalSection(SolutionConfigurationPlatforms) = preSolution
		Debug|Any CPU = Debug|Any CPU
		Release|Any CPU = Release|Any CPU
	EndGlobalSection
	GlobalSection(ProjectConfigurationPlatforms) = postSolution
		{5C99E9B5-451F-40A4-972D-276DB985E12E}.Debug|Any CPU.ActiveCfg = Debug|Any CPU
		{5C99E9B5-451F-40A4-972D-276DB985E12E}.Debug|Any CPU.Build.0 = Debug|Any CPU
		{5C99E9B5-451F-40A4-972D-276DB985E12E}.Release|Any CPU.ActiveCfg = Release|Any CPU
		{5C99E9B5-451F-40A4-972D-276DB985E12E}.Release|Any CPU.Build.0 = Release|Any CPU
		{89E40ADF-6B2F-4D56-A8DE-704D3EF3A18D}.Debug|Any CPU.ActiveCfg = Debug|Any CPU
		{89E40ADF-6B2F-4D56-A8DE-704D3EF3A18D}.Debug|Any CPU.Build.0 = Debug|Any CPU
		{89E40ADF-6B2F-4D56-A8DE-704D3EF3A18D}.Release|Any CPU.ActiveCfg = Release|Any CPU
		{89E40ADF-6B2F-4D56-A8DE-704D3EF3A18D}.Release|Any CPU.Build.0 = Release|Any CPU
		{1CFF758F-5399-4C27-8C82-60616D53C3C0}.Debug|Any CPU.ActiveCfg = Debug|Any CPU
		{1CFF758F-5399-4C27-8C82-60616D53C3C0}.Debug|Any CPU.Build.0 = Debug|Any CPU
		{1CFF758F-5399-4C27-8C82-60616D53C3C0}.Release|Any CPU.ActiveCfg = Release|Any CPU
		{1CFF758F-5399-4C27-8C82-60616D53C3C0}.Release|Any CPU.Build.0 = Release|Any CPU
	EndGlobalSection
	GlobalSection(SolutionProperties) = preSolution
		HideSolutionNode = FALSE
	EndGlobalSection
	GlobalSection(ExtensibilityGlobals) = postSolution
		SolutionGuid = {6BE4F017-5272-4B67-B33A-A4F6CA2DA847}
	EndGlobalSection
EndGlobal
